{
  "lockfileVersion": 1,
  "configVersion": 1,
  "workspaces": {
    "": {
      "name": "deni-ai-desktop-updater",
      "dependencies": {
        "hono": "^4.12.8",
      },
      "devDependencies": {
        "@types/bun": "latest",
        "@typescript/native-preview": "^7.0.0-dev.20260319.1",
      },
    },
  },
  "packages": {
    "@types/bun": ["@types/bun@1.3.11", "", { "dependencies": { "bun-types": "1.3.11" } }, "sha512-5vPne5QvtpjGpsGYXiFyycfpDF2ECyPcTSsFBMa0fraoxiQyMJ3SmuQIGhzPg2WJuWxVBoxWJ2kClYTcw/4fAg=="],

    "@types/node": ["@types/node@25.5.0", "", { "dependencies": { "undici-types": "~7.18.0" } }, "sha512-jp2P3tQMSxWugkCUKLRPVUpGaL5MVFwF8RDuSRztfwgN1wmqJeMSbKlnEtQqU8UrhTmzEmZdu2I6v2dpp7XIxw=="],

    "@typescript/native-preview": ["@typescript/native-preview@7.0.0-dev.20260319.1", "", { "optionalDependencies": { "@typescript/native-preview-darwin-arm64": "7.0.0-dev.20260319.1", "@typescript/native-preview-darwin-x64": "7.0.0-dev.20260319.1", "@typescript/native-preview-linux-arm": "7.0.0-dev.20260319.1", "@typescript/native-preview-linux-arm64": "7.0.0-dev.20260319.1", "@typescript/native-preview-linux-x64": "7.0.0-dev.20260319.1", "@typescript/native-preview-win32-arm64": "7.0.0-dev.20260319.1", "@typescript/native-preview-win32-x64": "7.0.0-dev.20260319.1" }, "bin": { "tsgo": "bin/tsgo.js" } }, "sha512-K9evb5u4QmH3Xv2XUg9OWUETYMrIX1C7Hls1ce8DW+Nlbb26NnQ5SPQCt8fGq4FGqZ9BodMwfane1pTd+BWYwQ=="],

    "@typescript/native-preview-darwin-arm64": ["@typescript/native-preview-darwin-arm64@7.0.0-dev.20260319.1", "", { "os": "darwin", "cpu": "arm64" }, "sha512-CMpCsOVUJ/BLC9x9VaT/DQviTmfHqw/NVwnyAR6ZHVVR1YJynJ6EJBPPHI4oStgTwVSdhna5uTPRiKhUpzvgCA=="],

    "@typescript/native-preview-darwin-x64": ["@typescript/native-preview-darwin-x64@7.0.0-dev.20260319.1", "", { "os": "darwin", "cpu": "x64" }, "sha512-gUcJwLYodGDC7Xf8aRDSMyL1impp4I+sE4ySTnnibTCzI5Mi2g8Sckkr81TEgMx5L4B10gkMmREuqr//1E+Y3A=="],

    "@typescript/native-preview-linux-arm": ["@typescript/native-preview-linux-arm@7.0.0-dev.20260319.1", "", { "os": "linux", "cpu": "arm" }, "sha512-boLhrOyT6nSWaVARBD7AF99rLPMy7jjQB50KywZMFzJ9Gg9N+MBBHJCzgwqlDK2sfahfPWBSV5JjYfET8AOZMg=="],

    "@typescript/native-preview-linux-arm64": ["@typescript/native-preview-linux-arm64@7.0.0-dev.20260319.1", "", { "os": "linux", "cpu": "arm64" }, "sha512-7JmTBE0URYCmLiHXWZ/wlFoNWMu6YJkHGXXqkR3EGTck8+qi0X+dutRsasKYwGHS4I8Ubn/yWTcJHX5qHf68sQ=="],

    "@typescript/native-preview-linux-x64": ["@typescript/native-preview-linux-x64@7.0.0-dev.20260319.1", "", { "os": "linux", "cpu": "x64" }, "sha512-9LdXkBqR3r8MHmHHwoA7mwv/fkATe2TO+6fLuan/sfmGjob/9y7swyYVvauYzX+aiTbzXjjCkOtEw0klQLxT/A=="],

    "@typescript/native-preview-win32-arm64": ["@typescript/native-preview-win32-arm64@7.0.0-dev.20260319.1", "", { "os": "win32", "cpu": "arm64" }, "sha512-jKJ+lha8EZtxP5chtsuSNAZOvPInJbFExu0ctoiGVgw01sdMUZeyFYz9TSLoa5oNUs0dboydtiHTK/uyrKThNw=="],

    "@typescript/native-preview-win32-x64": ["@typescript/native-preview-win32-x64@7.0.0-dev.20260319.1", "", { "os": "win32", "cpu": "x64" }, "sha512-GonXb3TBp23brWlPMA+uL42qUvBTNkCHFoE653tQK5SQkCvCSO3GYyY9K5GhEdG6kV2vDpG+Y98p1BYTM5z0Qg=="],

    "bun-types": ["bun-types@1.3.11", "", { "dependencies": { "@types/node": "*" } }, "sha512-1KGPpoxQWl9f6wcZh57LvrPIInQMn2TQ7jsgxqpRzg+l0QPOFvJVH7HmvHo/AiPgwXy+/Thf6Ov3EdVn1vOabg=="],

    "hono": ["hono@4.12.8", "", {}, "sha512-VJCEvtrezO1IAR+kqEYnxUOoStaQPGrCmX3j4wDTNOcD1uRPFpGlwQUIW8niPuvHXaTUxeOUl5MMDGrl+tmO9A=="],

    "undici-types": ["undici-types@7.18.2", "", {}, "sha512-AsuCzffGHJybSaRrmr5eHr81mwJU3kjw6M+uprWvCXiNeN9SOGwQ3Jn8jb8m3Z6izVgknn1R0FTCEAP2QrLY/w=="],
  }
}
